// !$*UTF8*$!
{
	archiveVersion = 1;
	classes = {
	};
	objectVersion = 46;
	objects = {

/* Begin PBXBuildFile section */
		500826981BB841A4007D6993 /* ProfileViewController.swift in Sources */ = {isa = PBXBuildFile; fileRef = 500826971BB841A3007D6993 /* ProfileViewController.swift */; settings = {ASSET_TAGS = (); }; };
		5008269A1BB84330007D6993 /* UserAvatar.swift in Sources */ = {isa = PBXBuildFile; fileRef = 500826991BB84330007D6993 /* UserAvatar.swift */; settings = {ASSET_TAGS = (); }; };
		502A2D311BB6843600B3A6B1 /* CoreDataStack.swift in Sources */ = {isa = PBXBuildFile; fileRef = 502A2D301BB6843600B3A6B1 /* CoreDataStack.swift */; settings = {ASSET_TAGS = (); }; };
		502A2D351BB686A400B3A6B1 /* Chidori.xcdatamodeld in Sources */ = {isa = PBXBuildFile; fileRef = 502A2D331BB686A400B3A6B1 /* Chidori.xcdatamodeld */; settings = {ASSET_TAGS = (); }; };
		502A2D3F1BB6895700B3A6B1 /* users.plist in Resources */ = {isa = PBXBuildFile; fileRef = 502A2D3E1BB6895700B3A6B1 /* users.plist */; settings = {ASSET_TAGS = (); }; };
		502A2D4B1BB7A19300B3A6B1 /* UIImage+Navi.swift in Sources */ = {isa = PBXBuildFile; fileRef = 502A2D4A1BB7A19300B3A6B1 /* UIImage+Navi.swift */; settings = {ASSET_TAGS = (); }; };
		505A55DF1BB63CFD00159CD0 /* AppDelegate.swift in Sources */ = {isa = PBXBuildFile; fileRef = 505A55DE1BB63CFD00159CD0 /* AppDelegate.swift */; };
		505A55E41BB63CFD00159CD0 /* Main.storyboard in Resources */ = {isa = PBXBuildFile; fileRef = 505A55E21BB63CFD00159CD0 /* Main.storyboard */; };
		505A55E61BB63CFD00159CD0 /* Assets.xcassets in Resources */ = {isa = PBXBuildFile; fileRef = 505A55E51BB63CFD00159CD0 /* Assets.xcassets */; };
		505A55E91BB63CFD00159CD0 /* LaunchScreen.storyboard in Resources */ = {isa = PBXBuildFile; fileRef = 505A55E71BB63CFD00159CD0 /* LaunchScreen.storyboard */; };
		505A55F81BB63F2E00159CD0 /* Navi.h in Headers */ = {isa = PBXBuildFile; fileRef = 505A55F71BB63F2E00159CD0 /* Navi.h */; settings = {ATTRIBUTES = (Public, ); }; };
		505A55FF1BB63F2E00159CD0 /* Navi.framework in Frameworks */ = {isa = PBXBuildFile; fileRef = 505A55F51BB63F2E00159CD0 /* Navi.framework */; settings = {ASSET_TAGS = (); }; };
		505A56061BB63F2E00159CD0 /* NaviTests.swift in Sources */ = {isa = PBXBuildFile; fileRef = 505A56051BB63F2E00159CD0 /* NaviTests.swift */; };
		505A560A1BB63F2E00159CD0 /* Navi.framework in Frameworks */ = {isa = PBXBuildFile; fileRef = 505A55F51BB63F2E00159CD0 /* Navi.framework */; };
		505A560B1BB63F2E00159CD0 /* Navi.framework in Embed Frameworks */ = {isa = PBXBuildFile; fileRef = 505A55F51BB63F2E00159CD0 /* Navi.framework */; settings = {ATTRIBUTES = (CodeSignOnCopy, RemoveHeadersOnCopy, ); }; };
		505A56141BB6404800159CD0 /* AvatarPod.swift in Sources */ = {isa = PBXBuildFile; fileRef = 505A56131BB6404800159CD0 /* AvatarPod.swift */; settings = {ASSET_TAGS = (); }; };
		505A56181BB640E600159CD0 /* Avatar.swift in Sources */ = {isa = PBXBuildFile; fileRef = 505A56171BB640E500159CD0 /* Avatar.swift */; settings = {ASSET_TAGS = (); }; };
		505A561A1BB6559800159CD0 /* AvatarsViewController.swift in Sources */ = {isa = PBXBuildFile; fileRef = 505A56191BB6559800159CD0 /* AvatarsViewController.swift */; settings = {ASSET_TAGS = (); }; };
		505A561E1BB6566F00159CD0 /* AvatarCell.swift in Sources */ = {isa = PBXBuildFile; fileRef = 505A561C1BB6566F00159CD0 /* AvatarCell.swift */; settings = {ASSET_TAGS = (); }; };
		505A561F1BB6566F00159CD0 /* AvatarCell.xib in Resources */ = {isa = PBXBuildFile; fileRef = 505A561D1BB6566F00159CD0 /* AvatarCell.xib */; settings = {ASSET_TAGS = (); }; };
		50970C9C1BBD252D001BFB19 /* UIImageView+Navi.swift in Sources */ = {isa = PBXBuildFile; fileRef = 50970C9B1BBD252D001BFB19 /* UIImageView+Navi.swift */; settings = {ASSET_TAGS = (); }; };
		50970C9E1BBD9151001BFB19 /* TimelineViewController.swift in Sources */ = {isa = PBXBuildFile; fileRef = 50970C9D1BBD9151001BFB19 /* TimelineViewController.swift */; settings = {ASSET_TAGS = (); }; };
		50970CA51BBD9EFC001BFB19 /* Avatar+CoreDataProperties.swift in Sources */ = {isa = PBXBuildFile; fileRef = 50970C9F1BBD9EFC001BFB19 /* Avatar+CoreDataProperties.swift */; settings = {ASSET_TAGS = (); }; };
		50970CA61BBD9EFC001BFB19 /* Avatar.swift in Sources */ = {isa = PBXBuildFile; fileRef = 50970CA01BBD9EFC001BFB19 /* Avatar.swift */; settings = {ASSET_TAGS = (); }; };
		50970CA71BBD9EFC001BFB19 /* User+CoreDataProperties.swift in Sources */ = {isa = PBXBuildFile; fileRef = 50970CA11BBD9EFC001BFB19 /* User+CoreDataProperties.swift */; settings = {ASSET_TAGS = (); }; };
		50970CA81BBD9EFC001BFB19 /* User.swift in Sources */ = {isa = PBXBuildFile; fileRef = 50970CA21BBD9EFC001BFB19 /* User.swift */; settings = {ASSET_TAGS = (); }; };
		50970CA91BBD9EFC001BFB19 /* Tweet+CoreDataProperties.swift in Sources */ = {isa = PBXBuildFile; fileRef = 50970CA31BBD9EFC001BFB19 /* Tweet+CoreDataProperties.swift */; settings = {ASSET_TAGS = (); }; };
		50970CAA1BBD9EFC001BFB19 /* Tweet.swift in Sources */ = {isa = PBXBuildFile; fileRef = 50970CA41BBD9EFC001BFB19 /* Tweet.swift */; settings = {ASSET_TAGS = (); }; };
		50970CAD1BBDA4BA001BFB19 /* TweetCell.swift in Sources */ = {isa = PBXBuildFile; fileRef = 50970CAB1BBDA4BA001BFB19 /* TweetCell.swift */; settings = {ASSET_TAGS = (); }; };
		50970CAE1BBDA4BA001BFB19 /* TweetCell.xib in Resources */ = {isa = PBXBuildFile; fileRef = 50970CAC1BBDA4BA001BFB19 /* TweetCell.xib */; settings = {ASSET_TAGS = (); }; };
		50970CB11BBE9ECA001BFB19 /* Filter.swift in Sources */ = {isa = PBXBuildFile; fileRef = 50970CB01BBE9ECA001BFB19 /* Filter.swift */; settings = {ASSET_TAGS = (); }; };
/* End PBXBuildFile section */

/* Begin PBXContainerItemProxy section */
		505A56001BB63F2E00159CD0 /* PBXContainerItemProxy */ = {
			isa = PBXContainerItemProxy;
			containerPortal = 505A55D31BB63CFD00159CD0 /* Project object */;
			proxyType = 1;
			remoteGlobalIDString = 505A55F41BB63F2E00159CD0;
			remoteInfo = Navi;
		};
		505A56021BB63F2E00159CD0 /* PBXContainerItemProxy */ = {
			isa = PBXContainerItemProxy;
			containerPortal = 505A55D31BB63CFD00159CD0 /* Project object */;
			proxyType = 1;
			remoteGlobalIDString = 505A55DA1BB63CFD00159CD0;
			remoteInfo = Chidori;
		};
		505A56081BB63F2E00159CD0 /* PBXContainerItemProxy */ = {
			isa = PBXContainerItemProxy;
			containerPortal = 505A55D31BB63CFD00159CD0 /* Project object */;
			proxyType = 1;
			remoteGlobalIDString = 505A55F41BB63F2E00159CD0;
			remoteInfo = Navi;
		};
/* End PBXContainerItemProxy section */

/* Begin PBXCopyFilesBuildPhase section */
		505A56111BB63F2E00159CD0 /* Embed Frameworks */ = {
			isa = PBXCopyFilesBuildPhase;
			buildActionMask = 2147483647;
			dstPath = "";
			dstSubfolderSpec = 10;
			files = (
				505A560B1BB63F2E00159CD0 /* Navi.framework in Embed Frameworks */,
			);
			name = "Embed Frameworks";
			runOnlyForDeploymentPostprocessing = 0;
		};
/* End PBXCopyFilesBuildPhase section */

/* Begin PBXFileReference section */
		500826971BB841A3007D6993 /* ProfileViewController.swift */ = {isa = PBXFileReference; fileEncoding = 4; lastKnownFileType = sourcecode.swift; name = ProfileViewController.swift; path = ViewControllers/ProfileViewController.swift; sourceTree = "<group>"; };
		500826991BB84330007D6993 /* UserAvatar.swift */ = {isa = PBXFileReference; fileEncoding = 4; lastKnownFileType = sourcecode.swift; name = UserAvatar.swift; path = Models/UserAvatar.swift; sourceTree = "<group>"; };
		502A2D301BB6843600B3A6B1 /* CoreDataStack.swift */ = {isa = PBXFileReference; fileEncoding = 4; lastKnownFileType = sourcecode.swift; name = CoreDataStack.swift; path = CoreData/CoreDataStack.swift; sourceTree = "<group>"; };
		502A2D341BB686A400B3A6B1 /* Chidori.xcdatamodel */ = {isa = PBXFileReference; lastKnownFileType = wrapper.xcdatamodel; path = Chidori.xcdatamodel; sourceTree = "<group>"; };
		502A2D3E1BB6895700B3A6B1 /* users.plist */ = {isa = PBXFileReference; fileEncoding = 4; lastKnownFileType = text.plist.xml; name = users.plist; path = CoreData/users.plist; sourceTree = "<group>"; };
		502A2D4A1BB7A19300B3A6B1 /* UIImage+Navi.swift */ = {isa = PBXFileReference; fileEncoding = 4; lastKnownFileType = sourcecode.swift; path = "UIImage+Navi.swift"; sourceTree = "<group>"; };
		505A55DB1BB63CFD00159CD0 /* Chidori.app */ = {isa = PBXFileReference; explicitFileType = wrapper.application; includeInIndex = 0; path = Chidori.app; sourceTree = BUILT_PRODUCTS_DIR; };
		505A55DE1BB63CFD00159CD0 /* AppDelegate.swift */ = {isa = PBXFileReference; lastKnownFileType = sourcecode.swift; path = AppDelegate.swift; sourceTree = "<group>"; };
		505A55E31BB63CFD00159CD0 /* Base */ = {isa = PBXFileReference; lastKnownFileType = file.storyboard; name = Base; path = Base.lproj/Main.storyboard; sourceTree = "<group>"; };
		505A55E51BB63CFD00159CD0 /* Assets.xcassets */ = {isa = PBXFileReference; lastKnownFileType = folder.assetcatalog; path = Assets.xcassets; sourceTree = "<group>"; };
		505A55E81BB63CFD00159CD0 /* Base */ = {isa = PBXFileReference; lastKnownFileType = file.storyboard; name = Base; path = Base.lproj/LaunchScreen.storyboard; sourceTree = "<group>"; };
		505A55EA1BB63CFD00159CD0 /* Info.plist */ = {isa = PBXFileReference; lastKnownFileType = text.plist.xml; path = Info.plist; sourceTree = "<group>"; };
		505A55F51BB63F2E00159CD0 /* Navi.framework */ = {isa = PBXFileReference; explicitFileType = wrapper.framework; includeInIndex = 0; path = Navi.framework; sourceTree = BUILT_PRODUCTS_DIR; };
		505A55F71BB63F2E00159CD0 /* Navi.h */ = {isa = PBXFileReference; lastKnownFileType = sourcecode.c.h; path = Navi.h; sourceTree = "<group>"; };
		505A55F91BB63F2E00159CD0 /* Info.plist */ = {isa = PBXFileReference; lastKnownFileType = text.plist.xml; path = Info.plist; sourceTree = "<group>"; };
		505A55FE1BB63F2E00159CD0 /* NaviTests.xctest */ = {isa = PBXFileReference; explicitFileType = wrapper.cfbundle; includeInIndex = 0; path = NaviTests.xctest; sourceTree = BUILT_PRODUCTS_DIR; };
		505A56051BB63F2E00159CD0 /* NaviTests.swift */ = {isa = PBXFileReference; lastKnownFileType = sourcecode.swift; path = NaviTests.swift; sourceTree = "<group>"; };
		505A56071BB63F2E00159CD0 /* Info.plist */ = {isa = PBXFileReference; lastKnownFileType = text.plist.xml; path = Info.plist; sourceTree = "<group>"; };
		505A56131BB6404800159CD0 /* AvatarPod.swift */ = {isa = PBXFileReference; fileEncoding = 4; lastKnownFileType = sourcecode.swift; path = AvatarPod.swift; sourceTree = "<group>"; };
		505A56171BB640E500159CD0 /* Avatar.swift */ = {isa = PBXFileReference; fileEncoding = 4; lastKnownFileType = sourcecode.swift; path = Avatar.swift; sourceTree = "<group>"; };
		505A56191BB6559800159CD0 /* AvatarsViewController.swift */ = {isa = PBXFileReference; fileEncoding = 4; lastKnownFileType = sourcecode.swift; name = AvatarsViewController.swift; path = ViewControllers/AvatarsViewController.swift; sourceTree = "<group>"; };
		505A561C1BB6566F00159CD0 /* AvatarCell.swift */ = {isa = PBXFileReference; fileEncoding = 4; lastKnownFileType = sourcecode.swift; name = AvatarCell.swift; path = Views/Cells/Avatar/AvatarCell.swift; sourceTree = "<group>"; };
		505A561D1BB6566F00159CD0 /* AvatarCell.xib */ = {isa = PBXFileReference; fileEncoding = 4; lastKnownFileType = file.xib; name = AvatarCell.xib; path = Views/Cells/Avatar/AvatarCell.xib; sourceTree = "<group>"; };
		50970C9B1BBD252D001BFB19 /* UIImageView+Navi.swift */ = {isa = PBXFileReference; fileEncoding = 4; lastKnownFileType = sourcecode.swift; path = "UIImageView+Navi.swift"; sourceTree = "<group>"; };
		50970C9D1BBD9151001BFB19 /* TimelineViewController.swift */ = {isa = PBXFileReference; fileEncoding = 4; lastKnownFileType = sourcecode.swift; name = TimelineViewController.swift; path = ViewControllers/TimelineViewController.swift; sourceTree = "<group>"; };
		50970C9F1BBD9EFC001BFB19 /* Avatar+CoreDataProperties.swift */ = {isa = PBXFileReference; fileEncoding = 4; lastKnownFileType = sourcecode.swift; name = "Avatar+CoreDataProperties.swift"; path = "CoreData/Avatar+CoreDataProperties.swift"; sourceTree = "<group>"; };
		50970CA01BBD9EFC001BFB19 /* Avatar.swift */ = {isa = PBXFileReference; fileEncoding = 4; lastKnownFileType = sourcecode.swift; name = Avatar.swift; path = CoreData/Avatar.swift; sourceTree = "<group>"; };
		50970CA11BBD9EFC001BFB19 /* User+CoreDataProperties.swift */ = {isa = PBXFileReference; fileEncoding = 4; lastKnownFileType = sourcecode.swift; name = "User+CoreDataProperties.swift"; path = "CoreData/User+CoreDataProperties.swift"; sourceTree = "<group>"; };
		50970CA21BBD9EFC001BFB19 /* User.swift */ = {isa = PBXFileReference; fileEncoding = 4; lastKnownFileType = sourcecode.swift; name = User.swift; path = CoreData/User.swift; sourceTree = "<group>"; };
		50970CA31BBD9EFC001BFB19 /* Tweet+CoreDataProperties.swift */ = {isa = PBXFileReference; fileEncoding = 4; lastKnownFileType = sourcecode.swift; name = "Tweet+CoreDataProperties.swift"; path = "CoreData/Tweet+CoreDataProperties.swift"; sourceTree = "<group>"; };
		50970CA41BBD9EFC001BFB19 /* Tweet.swift */ = {isa = PBXFileReference; fileEncoding = 4; lastKnownFileType = sourcecode.swift; name = Tweet.swift; path = CoreData/Tweet.swift; sourceTree = "<group>"; };
		50970CAB1BBDA4BA001BFB19 /* TweetCell.swift */ = {isa = PBXFileReference; fileEncoding = 4; lastKnownFileType = sourcecode.swift; name = TweetCell.swift; path = Views/Cells/Tweet/TweetCell.swift; sourceTree = "<group>"; };
		50970CAC1BBDA4BA001BFB19 /* TweetCell.xib */ = {isa = PBXFileReference; fileEncoding = 4; lastKnownFileType = file.xib; name = TweetCell.xib; path = Views/Cells/Tweet/TweetCell.xib; sourceTree = "<group>"; };
		50970CB01BBE9ECA001BFB19 /* Filter.swift */ = {isa = PBXFileReference; fileEncoding = 4; lastKnownFileType = sourcecode.swift; name = Filter.swift; path = Helpers/Filter.swift; sourceTree = "<group>"; };
/* End PBXFileReference section */

/* Begin PBXFrameworksBuildPhase section */
		505A55D81BB63CFD00159CD0 /* Frameworks */ = {
			isa = PBXFrameworksBuildPhase;
			buildActionMask = 2147483647;
			files = (
				505A560A1BB63F2E00159CD0 /* Navi.framework in Frameworks */,
			);
			runOnlyForDeploymentPostprocessing = 0;
		};
		505A55F11BB63F2E00159CD0 /* Frameworks */ = {
			isa = PBXFrameworksBuildPhase;
			buildActionMask = 2147483647;
			files = (
			);
			runOnlyForDeploymentPostprocessing = 0;
		};
		505A55FB1BB63F2E00159CD0 /* Frameworks */ = {
			isa = PBXFrameworksBuildPhase;
			buildActionMask = 2147483647;
			files = (
				505A55FF1BB63F2E00159CD0 /* Navi.framework in Frameworks */,
			);
			runOnlyForDeploymentPostprocessing = 0;
		};
/* End PBXFrameworksBuildPhase section */

/* Begin PBXGroup section */
		5008269B1BB84334007D6993 /* Models */ = {
			isa = PBXGroup;
			children = (
				500826991BB84330007D6993 /* UserAvatar.swift */,
			);
			name = Models;
			sourceTree = "<group>";
		};
		502A2D321BB6843A00B3A6B1 /* CoreData */ = {
			isa = PBXGroup;
			children = (
				50970C9F1BBD9EFC001BFB19 /* Avatar+CoreDataProperties.swift */,
				50970CA01BBD9EFC001BFB19 /* Avatar.swift */,
				50970CA11BBD9EFC001BFB19 /* User+CoreDataProperties.swift */,
				50970CA21BBD9EFC001BFB19 /* User.swift */,
				50970CA31BBD9EFC001BFB19 /* Tweet+CoreDataProperties.swift */,
				50970CA41BBD9EFC001BFB19 /* Tweet.swift */,
				502A2D3E1BB6895700B3A6B1 /* users.plist */,
				502A2D331BB686A400B3A6B1 /* Chidori.xcdatamodeld */,
				502A2D301BB6843600B3A6B1 /* CoreDataStack.swift */,
			);
			name = CoreData;
			sourceTree = "<group>";
		};
		505A55D21BB63CFC00159CD0 = {
			isa = PBXGroup;
			children = (
				505A55DD1BB63CFD00159CD0 /* Chidori */,
				505A55F61BB63F2E00159CD0 /* Navi */,
				505A56041BB63F2E00159CD0 /* NaviTests */,
				505A55DC1BB63CFD00159CD0 /* Products */,
			);
			sourceTree = "<group>";
		};
		505A55DC1BB63CFD00159CD0 /* Products */ = {
			isa = PBXGroup;
			children = (
				505A55DB1BB63CFD00159CD0 /* Chidori.app */,
				505A55F51BB63F2E00159CD0 /* Navi.framework */,
				505A55FE1BB63F2E00159CD0 /* NaviTests.xctest */,
			);
			name = Products;
			sourceTree = "<group>";
		};
		505A55DD1BB63CFD00159CD0 /* Chidori */ = {
			isa = PBXGroup;
			children = (
				505A55DE1BB63CFD00159CD0 /* AppDelegate.swift */,
				502A2D321BB6843A00B3A6B1 /* CoreData */,
				5008269B1BB84334007D6993 /* Models */,
				50970CB21BBE9ECE001BFB19 /* Helpers */,
				505A56201BB6567200159CD0 /* Views */,
				505A561B1BB6559D00159CD0 /* ViewControllers */,
				505A55E21BB63CFD00159CD0 /* Main.storyboard */,
				505A55E51BB63CFD00159CD0 /* Assets.xcassets */,
				505A55E71BB63CFD00159CD0 /* LaunchScreen.storyboard */,
				505A55EA1BB63CFD00159CD0 /* Info.plist */,
			);
			path = Chidori;
			sourceTree = "<group>";
		};
		505A55F61BB63F2E00159CD0 /* Navi */ = {
			isa = PBXGroup;
			children = (
				505A55F71BB63F2E00159CD0 /* Navi.h */,
				505A56171BB640E500159CD0 /* Avatar.swift */,
				505A56131BB6404800159CD0 /* AvatarPod.swift */,
				502A2D4A1BB7A19300B3A6B1 /* UIImage+Navi.swift */,
				50970C9B1BBD252D001BFB19 /* UIImageView+Navi.swift */,
				505A55F91BB63F2E00159CD0 /* Info.plist */,
			);
			path = Navi;
			sourceTree = "<group>";
		};
		505A56041BB63F2E00159CD0 /* NaviTests */ = {
			isa = PBXGroup;
			children = (
				505A56051BB63F2E00159CD0 /* NaviTests.swift */,
				505A56071BB63F2E00159CD0 /* Info.plist */,
			);
			path = NaviTests;
			sourceTree = "<group>";
		};
		505A561B1BB6559D00159CD0 /* ViewControllers */ = {
			isa = PBXGroup;
			children = (
				505A56191BB6559800159CD0 /* AvatarsViewController.swift */,
				500826971BB841A3007D6993 /* ProfileViewController.swift */,
				50970C9D1BBD9151001BFB19 /* TimelineViewController.swift */,
			);
			name = ViewControllers;
			sourceTree = "<group>";
		};
		505A56201BB6567200159CD0 /* Views */ = {
			isa = PBXGroup;
			children = (
				505A56211BB6567B00159CD0 /* Cells */,
			);
			name = Views;
			sourceTree = "<group>";
		};
		505A56211BB6567B00159CD0 /* Cells */ = {
			isa = PBXGroup;
			children = (
				505A56221BB6568700159CD0 /* Avatar */,
				50970CAF1BBDA4BD001BFB19 /* Tweet */,
			);
			name = Cells;
			sourceTree = "<group>";
		};
		505A56221BB6568700159CD0 /* Avatar */ = {
			isa = PBXGroup;
			children = (
				505A561C1BB6566F00159CD0 /* AvatarCell.swift */,
				505A561D1BB6566F00159CD0 /* AvatarCell.xib */,
			);
			name = Avatar;
			sourceTree = "<group>";
		};
		50970CAF1BBDA4BD001BFB19 /* Tweet */ = {
			isa = PBXGroup;
			children = (
				50970CAB1BBDA4BA001BFB19 /* TweetCell.swift */,
				50970CAC1BBDA4BA001BFB19 /* TweetCell.xib */,
			);
			name = Tweet;
			sourceTree = "<group>";
		};
		50970CB21BBE9ECE001BFB19 /* Helpers */ = {
			isa = PBXGroup;
			children = (
				50970CB01BBE9ECA001BFB19 /* Filter.swift */,
			);
			name = Helpers;
			sourceTree = "<group>";
		};
/* End PBXGroup section */

/* Begin PBXHeadersBuildPhase section */
		505A55F21BB63F2E00159CD0 /* Headers */ = {
			isa = PBXHeadersBuildPhase;
			buildActionMask = 2147483647;
			files = (
				505A55F81BB63F2E00159CD0 /* Navi.h in Headers */,
			);
			runOnlyForDeploymentPostprocessing = 0;
		};
/* End PBXHeadersBuildPhase section */

/* Begin PBXNativeTarget section */
		505A55DA1BB63CFD00159CD0 /* Chidori */ = {
			isa = PBXNativeTarget;
			buildConfigurationList = 505A55ED1BB63CFD00159CD0 /* Build configuration list for PBXNativeTarget "Chidori" */;
			buildPhases = (
				505A55D71BB63CFD00159CD0 /* Sources */,
				505A55D81BB63CFD00159CD0 /* Frameworks */,
				505A55D91BB63CFD00159CD0 /* Resources */,
				505A56111BB63F2E00159CD0 /* Embed Frameworks */,
			);
			buildRules = (
			);
			dependencies = (
				505A56091BB63F2E00159CD0 /* PBXTargetDependency */,
			);
			name = Chidori;
			productName = Chidori;
			productReference = 505A55DB1BB63CFD00159CD0 /* Chidori.app */;
			productType = "com.apple.product-type.application";
		};
		505A55F41BB63F2E00159CD0 /* Navi */ = {
			isa = PBXNativeTarget;
			buildConfigurationList = 505A56101BB63F2E00159CD0 /* Build configuration list for PBXNativeTarget "Navi" */;
			buildPhases = (
				505A55F01BB63F2E00159CD0 /* Sources */,
				505A55F11BB63F2E00159CD0 /* Frameworks */,
				505A55F21BB63F2E00159CD0 /* Headers */,
				505A55F31BB63F2E00159CD0 /* Resources */,
			);
			buildRules = (
			);
			dependencies = (
			);
			name = Navi;
			productName = Navi;
			productReference = 505A55F51BB63F2E00159CD0 /* Navi.framework */;
			productType = "com.apple.product-type.framework";
		};
		505A55FD1BB63F2E00159CD0 /* NaviTests */ = {
			isa = PBXNativeTarget;
			buildConfigurationList = 505A56121BB63F2E00159CD0 /* Build configuration list for PBXNativeTarget "NaviTests" */;
			buildPhases = (
				505A55FA1BB63F2E00159CD0 /* Sources */,
				505A55FB1BB63F2E00159CD0 /* Frameworks */,
				505A55FC1BB63F2E00159CD0 /* Resources */,
			);
			buildRules = (
			);
			dependencies = (
				505A56011BB63F2E00159CD0 /* PBXTargetDependency */,
				505A56031BB63F2E00159CD0 /* PBXTargetDependency */,
			);
			name = NaviTests;
			productName = NaviTests;
			productReference = 505A55FE1BB63F2E00159CD0 /* NaviTests.xctest */;
			productType = "com.apple.product-type.bundle.unit-test";
		};
/* End PBXNativeTarget section */

/* Begin PBXProject section */
		505A55D31BB63CFD00159CD0 /* Project object */ = {
			isa = PBXProject;
			attributes = {
				LastSwiftUpdateCheck = 0700;
				LastUpgradeCheck = 0700;
				ORGANIZATIONNAME = nixWork;
				TargetAttributes = {
					505A55DA1BB63CFD00159CD0 = {
						CreatedOnToolsVersion = 7.0;
					};
					505A55F41BB63F2E00159CD0 = {
						CreatedOnToolsVersion = 7.0;
					};
					505A55FD1BB63F2E00159CD0 = {
						CreatedOnToolsVersion = 7.0;
						TestTargetID = 505A55DA1BB63CFD00159CD0;
					};
				};
			};
			buildConfigurationList = 505A55D61BB63CFD00159CD0 /* Build configuration list for PBXProject "Chidori" */;
			compatibilityVersion = "Xcode 3.2";
			developmentRegion = English;
			hasScannedForEncodings = 0;
			knownRegions = (
				en,
				Base,
			);
			mainGroup = 505A55D21BB63CFC00159CD0;
			productRefGroup = 505A55DC1BB63CFD00159CD0 /* Products */;
			projectDirPath = "";
			projectRoot = "";
			targets = (
				505A55DA1BB63CFD00159CD0 /* Chidori */,
				505A55F41BB63F2E00159CD0 /* Navi */,
				505A55FD1BB63F2E00159CD0 /* NaviTests */,
			);
		};
/* End PBXProject section */

/* Begin PBXResourcesBuildPhase section */
		505A55D91BB63CFD00159CD0 /* Resources */ = {
			isa = PBXResourcesBuildPhase;
			buildActionMask = 2147483647;
			files = (
				505A55E91BB63CFD00159CD0 /* LaunchScreen.storyboard in Resources */,
				502A2D3F1BB6895700B3A6B1 /* users.plist in Resources */,
				505A55E61BB63CFD00159CD0 /* Assets.xcassets in Resources */,
				505A561F1BB6566F00159CD0 /* AvatarCell.xib in Resources */,
				505A55E41BB63CFD00159CD0 /* Main.storyboard in Resources */,
				50970CAE1BBDA4BA001BFB19 /* TweetCell.xib in Resources */,
			);
			runOnlyForDeploymentPostprocessing = 0;
		};
		505A55F31BB63F2E00159CD0 /* Resources */ = {
			isa = PBXResourcesBuildPhase;
			buildActionMask = 2147483647;
			files = (
			);
			runOnlyForDeploymentPostprocessing = 0;
		};
		505A55FC1BB63F2E00159CD0 /* Resources */ = {
			isa = PBXResourcesBuildPhase;
			buildActionMask = 2147483647;
			files = (
			);
			runOnlyForDeploymentPostprocessing = 0;
		};
/* End PBXResourcesBuildPhase section */

/* Begin PBXSourcesBuildPhase section */
		505A55D71BB63CFD00159CD0 /* Sources */ = {
			isa = PBXSourcesBuildPhase;
			buildActionMask = 2147483647;
			files = (
				502A2D351BB686A400B3A6B1 /* Chidori.xcdatamodeld in Sources */,
				5008269A1BB84330007D6993 /* UserAvatar.swift in Sources */,
				502A2D311BB6843600B3A6B1 /* CoreDataStack.swift in Sources */,
				50970CAA1BBD9EFC001BFB19 /* Tweet.swift in Sources */,
				50970CA91BBD9EFC001BFB19 /* Tweet+CoreDataProperties.swift in Sources */,
				500826981BB841A4007D6993 /* ProfileViewController.swift in Sources */,
				50970C9E1BBD9151001BFB19 /* TimelineViewController.swift in Sources */,
				505A55DF1BB63CFD00159CD0 /* AppDelegate.swift in Sources */,
				50970CA51BBD9EFC001BFB19 /* Avatar+CoreDataProperties.swift in Sources */,
				50970CA71BBD9EFC001BFB19 /* User+CoreDataProperties.swift in Sources */,
				50970CA81BBD9EFC001BFB19 /* User.swift in Sources */,
				505A561E1BB6566F00159CD0 /* AvatarCell.swift in Sources */,
				50970CAD1BBDA4BA001BFB19 /* TweetCell.swift in Sources */,
				50970CB11BBE9ECA001BFB19 /* Filter.swift in Sources */,
				50970CA61BBD9EFC001BFB19 /* Avatar.swift in Sources */,
				505A561A1BB6559800159CD0 /* AvatarsViewController.swift in Sources */,
			);
			runOnlyForDeploymentPostprocessing = 0;
		};
		505A55F01BB63F2E00159CD0 /* Sources */ = {
			isa = PBXSourcesBuildPhase;
			buildActionMask = 2147483647;
			files = (
				505A56181BB640E600159CD0 /* Avatar.swift in Sources */,
				505A56141BB6404800159CD0 /* AvatarPod.swift in Sources */,
				50970C9C1BBD252D001BFB19 /* UIImageView+Navi.swift in Sources */,
				502A2D4B1BB7A19300B3A6B1 /* UIImage+Navi.swift in Sources */,
			);
			runOnlyForDeploymentPostprocessing = 0;
		};
		505A55FA1BB63F2E00159CD0 /* Sources */ = {
			isa = PBXSourcesBuildPhase;
			buildActionMask = 2147483647;
			files = (
				505A56061BB63F2E00159CD0 /* NaviTests.swift in Sources */,
			);
			runOnlyForDeploymentPostprocessing = 0;
		};
/* End PBXSourcesBuildPhase section */

/* Begin PBXTargetDependency section */
		505A56011BB63F2E00159CD0 /* PBXTargetDependency */ = {
			isa = PBXTargetDependency;
			target = 505A55F41BB63F2E00159CD0 /* Navi */;
			targetProxy = 505A56001BB63F2E00159CD0 /* PBXContainerItemProxy */;
		};
		505A56031BB63F2E00159CD0 /* PBXTargetDependency */ = {
			isa = PBXTargetDependency;
			target = 505A55DA1BB63CFD00159CD0 /* Chidori */;
			targetProxy = 505A56021BB63F2E00159CD0 /* PBXContainerItemProxy */;
		};
		505A56091BB63F2E00159CD0 /* PBXTargetDependency */ = {
			isa = PBXTargetDependency;
			target = 505A55F41BB63F2E00159CD0 /* Navi */;
			targetProxy = 505A56081BB63F2E00159CD0 /* PBXContainerItemProxy */;
		};
/* End PBXTargetDependency section */

/* Begin PBXVariantGroup section */
		505A55E21BB63CFD00159CD0 /* Main.storyboard */ = {
			isa = PBXVariantGroup;
			children = (
				505A55E31BB63CFD00159CD0 /* Base */,
			);
			name = Main.storyboard;
			sourceTree = "<group>";
		};
		505A55E71BB63CFD00159CD0 /* LaunchScreen.storyboard */ = {
			isa = PBXVariantGroup;
			children = (
				505A55E81BB63CFD00159CD0 /* Base */,
			);
			name = LaunchScreen.storyboard;
			sourceTree = "<group>";
		};
/* End PBXVariantGroup section */

/* Begin XCBuildConfiguration section */
		505A55EB1BB63CFD00159CD0 /* Debug */ = {
			isa = XCBuildConfiguration;
			buildSettings = {
				ALWAYS_SEARCH_USER_PATHS = NO;
				CLANG_CXX_LANGUAGE_STANDARD = "gnu++0x";
				CLANG_CXX_LIBRARY = "libc++";
				CLANG_ENABLE_MODULES = YES;
				CLANG_ENABLE_OBJC_ARC = YES;
				CLANG_WARN_BOOL_CONVERSION = YES;
				CLANG_WARN_CONSTANT_CONVERSION = YES;
				CLANG_WARN_DIRECT_OBJC_ISA_USAGE = YES_ERROR;
				CLANG_WARN_EMPTY_BODY = YES;
				CLANG_WARN_ENUM_CONVERSION = YES;
				CLANG_WARN_INT_CONVERSION = YES;
				CLANG_WARN_OBJC_ROOT_CLASS = YES_ERROR;
				CLANG_WARN_UNREACHABLE_CODE = YES;
				CLANG_WARN__DUPLICATE_METHOD_MATCH = YES;
				"CODE_SIGN_IDENTITY[sdk=iphoneos*]" = "iPhone Developer";
				COPY_PHASE_STRIP = NO;
				DEBUG_INFORMATION_FORMAT = dwarf;
				ENABLE_STRICT_OBJC_MSGSEND = YES;
				ENABLE_TESTABILITY = YES;
				GCC_C_LANGUAGE_STANDARD = gnu99;
				GCC_DYNAMIC_NO_PIC = NO;
				GCC_NO_COMMON_BLOCKS = YES;
				GCC_OPTIMIZATION_LEVEL = 0;
				GCC_PREPROCESSOR_DEFINITIONS = (
					"DEBUG=1",
					"$(inherited)",
				);
				GCC_WARN_64_TO_32_BIT_CONVERSION = YES;
				GCC_WARN_ABOUT_RETURN_TYPE = YES_ERROR;
				GCC_WARN_UNDECLARED_SELECTOR = YES;
				GCC_WARN_UNINITIALIZED_AUTOS = YES_AGGRESSIVE;
				GCC_WARN_UNUSED_FUNCTION = YES;
				GCC_WARN_UNUSED_VARIABLE = YES;
				IPHONEOS_DEPLOYMENT_TARGET = 8.0;
				MTL_ENABLE_DEBUG_INFO = YES;
				ONLY_ACTIVE_ARCH = YES;
				SDKROOT = iphoneos;
				SWIFT_OPTIMIZATION_LEVEL = "-Onone";
				TARGETED_DEVICE_FAMILY = "1,2";
			};
			name = Debug;
		};
		505A55EC1BB63CFD00159CD0 /* Release */ = {
			isa = XCBuildConfiguration;
			buildSettings = {
				ALWAYS_SEARCH_USER_PATHS = NO;
				CLANG_CXX_LANGUAGE_STANDARD = "gnu++0x";
				CLANG_CXX_LIBRARY = "libc++";
				CLANG_ENABLE_MODULES = YES;
				CLANG_ENABLE_OBJC_ARC = YES;
				CLANG_WARN_BOOL_CONVERSION = YES;
				CLANG_WARN_CONSTANT_CONVERSION = YES;
				CLANG_WARN_DIRECT_OBJC_ISA_USAGE = YES_ERROR;
				CLANG_WARN_EMPTY_BODY = YES;
				CLANG_WARN_ENUM_CONVERSION = YES;
				CLANG_WARN_INT_CONVERSION = YES;
				CLANG_WARN_OBJC_ROOT_CLASS = YES_ERROR;
				CLANG_WARN_UNREACHABLE_CODE = YES;
				CLANG_WARN__DUPLICATE_METHOD_MATCH = YES;
				"CODE_SIGN_IDENTITY[sdk=iphoneos*]" = "iPhone Developer";
				COPY_PHASE_STRIP = NO;
				DEBUG_INFORMATION_FORMAT = "dwarf-with-dsym";
				ENABLE_NS_ASSERTIONS = NO;
				ENABLE_STRICT_OBJC_MSGSEND = YES;
				GCC_C_LANGUAGE_STANDARD = gnu99;
				GCC_NO_COMMON_BLOCKS = YES;
				GCC_WARN_64_TO_32_BIT_CONVERSION = YES;
				GCC_WARN_ABOUT_RETURN_TYPE = YES_ERROR;
				GCC_WARN_UNDECLARED_SELECTOR = YES;
				GCC_WARN_UNINITIALIZED_AUTOS = YES_AGGRESSIVE;
				GCC_WARN_UNUSED_FUNCTION = YES;
				GCC_WARN_UNUSED_VARIABLE = YES;
				IPHONEOS_DEPLOYMENT_TARGET = 8.0;
				MTL_ENABLE_DEBUG_INFO = NO;
				SDKROOT = iphoneos;
				TARGETED_DEVICE_FAMILY = "1,2";
				VALIDATE_PRODUCT = YES;
			};
			name = Release;
		};
		505A55EE1BB63CFD00159CD0 /* Debug */ = {
			isa = XCBuildConfiguration;
			buildSettings = {
				ASSETCATALOG_COMPILER_APPICON_NAME = AppIcon;
				EMBEDDED_CONTENT_CONTAINS_SWIFT = YES;
				INFOPLIST_FILE = Chidori/Info.plist;
				LD_RUNPATH_SEARCH_PATHS = "$(inherited) @executable_path/Frameworks";
				PRODUCT_BUNDLE_IDENTIFIER = com.nixWork.Chidori;
				PRODUCT_NAME = "$(TARGET_NAME)";
			};
			name = Debug;
		};
		505A55EF1BB63CFD00159CD0 /* Release */ = {
			isa = XCBuildConfiguration;
			buildSettings = {
				ASSETCATALOG_COMPILER_APPICON_NAME = AppIcon;
				EMBEDDED_CONTENT_CONTAINS_SWIFT = YES;
				INFOPLIST_FILE = Chidori/Info.plist;
				LD_RUNPATH_SEARCH_PATHS = "$(inherited) @executable_path/Frameworks";
				PRODUCT_BUNDLE_IDENTIFIER = com.nixWork.Chidori;
				PRODUCT_NAME = "$(TARGET_NAME)";
			};
			name = Release;
		};
		505A560C1BB63F2E00159CD0 /* Debug */ = {
			isa = XCBuildConfiguration;
			buildSettings = {
				CLANG_ENABLE_MODULES = YES;
				CURRENT_PROJECT_VERSION = 1;
				DEFINES_MODULE = YES;
				DYLIB_COMPATIBILITY_VERSION = 1;
				DYLIB_CURRENT_VERSION = 1;
				DYLIB_INSTALL_NAME_BASE = "@rpath";
				INFOPLIST_FILE = Navi/Info.plist;
				INSTALL_PATH = "$(LOCAL_LIBRARY_DIR)/Frameworks";
				IPHONEOS_DEPLOYMENT_TARGET = 8.0;
				LD_RUNPATH_SEARCH_PATHS = "$(inherited) @executable_path/Frameworks @loader_path/Frameworks";
				PRODUCT_BUNDLE_IDENTIFIER = com.nixWork.Navi;
				PRODUCT_NAME = "$(TARGET_NAME)";
				SKIP_INSTALL = YES;
				SWIFT_OPTIMIZATION_LEVEL = "-Onone";
				VERSIONING_SYSTEM = "apple-generic";
				VERSION_INFO_PREFIX = "";
			};
			name = Debug;
		};
		505A560D1BB63F2E00159CD0 /* Release */ = {
			isa = XCBuildConfiguration;
			buildSettings = {
				CLANG_ENABLE_MODULES = YES;
				CURRENT_PROJECT_VERSION = 1;
				DEFINES_MODULE = YES;
				DYLIB_COMPATIBILITY_VERSION = 1;
				DYLIB_CURRENT_VERSION = 1;
				DYLIB_INSTALL_NAME_BASE = "@rpath";
				INFOPLIST_FILE = Navi/Info.plist;
				INSTALL_PATH = "$(LOCAL_LIBRARY_DIR)/Frameworks";
				IPHONEOS_DEPLOYMENT_TARGET = 8.0;
				LD_RUNPATH_SEARCH_PATHS = "$(inherited) @executable_path/Frameworks @loader_path/Frameworks";
				PRODUCT_BUNDLE_IDENTIFIER = com.nixWork.Navi;
				PRODUCT_NAME = "$(TARGET_NAME)";
				SKIP_INSTALL = YES;
				VERSIONING_SYSTEM = "apple-generic";
				VERSION_INFO_PREFIX = "";
			};
			name = Release;
		};
		505A560E1BB63F2E00159CD0 /* Debug */ = {
			isa = XCBuildConfiguration;
			buildSettings = {
				INFOPLIST_FILE = NaviTests/Info.plist;
				IPHONEOS_DEPLOYMENT_TARGET = 9.0;
				LD_RUNPATH_SEARCH_PATHS = "$(inherited) @executable_path/Frameworks @loader_path/Frameworks";
				PRODUCT_BUNDLE_IDENTIFIER = com.nixWork.NaviTests;
				PRODUCT_NAME = "$(TARGET_NAME)";
				TEST_HOST = "$(BUILT_PRODUCTS_DIR)/Chidori.app/Chidori";
			};
			name = Debug;
		};
		505A560F1BB63F2E00159CD0 /* Release */ = {
			isa = XCBuildConfiguration;
			buildSettings = {
				INFOPLIST_FILE = NaviTests/Info.plist;
				IPHONEOS_DEPLOYMENT_TARGET = 9.0;
				LD_RUNPATH_SEARCH_PATHS = "$(inherited) @executable_path/Frameworks @loader_path/Frameworks";
				PRODUCT_BUNDLE_IDENTIFIER = com.nixWork.NaviTests;
				PRODUCT_NAME = "$(TARGET_NAME)";
				TEST_HOST = "$(BUILT_PRODUCTS_DIR)/Chidori.app/Chidori";
			};
			name = Release;
		};
/* End XCBuildConfiguration section */

/* Begin XCConfigurationList section */
		505A55D61BB63CFD00159CD0 /* Build configuration list for PBXProject "Chidori" */ = {
			isa = XCConfigurationList;
			buildConfigurations = (
				505A55EB1BB63CFD00159CD0 /* Debug */,
				505A55EC1BB63CFD00159CD0 /* Release */,
			);
			defaultConfigurationIsVisible = 0;
			defaultConfigurationName = Release;
		};
		505A55ED1BB63CFD00159CD0 /* Build configuration list for PBXNativeTarget "Chidori" */ = {
			isa = XCConfigurationList;
			buildConfigurations = (
				505A55EE1BB63CFD00159CD0 /* Debug */,
				505A55EF1BB63CFD00159CD0 /* Release */,
			);
			defaultConfigurationIsVisible = 0;
			defaultConfigurationName = Release;
		};
		505A56101BB63F2E00159CD0 /* Build configuration list for PBXNativeTarget "Navi" */ = {
			isa = XCConfigurationList;
			buildConfigurations = (
				505A560C1BB63F2E00159CD0 /* Debug */,
				505A560D1BB63F2E00159CD0 /* Release */,
			);
			defaultConfigurationIsVisible = 0;
			defaultConfigurationName = Release;
		};
		505A56121BB63F2E00159CD0 /* Build configuration list for PBXNativeTarget "NaviTests" */ = {
			isa = XCConfigurationList;
			buildConfigurations = (
				505A560E1BB63F2E00159CD0 /* Debug */,
				505A560F1BB63F2E00159CD0 /* Release */,
			);
			defaultConfigurationIsVisible = 0;
			defaultConfigurationName = Release;
		};
/* End XCConfigurationList section */

/* Begin XCVersionGroup section */
		502A2D331BB686A400B3A6B1 /* Chidori.xcdatamodeld */ = {
			isa = XCVersionGroup;
			children = (
				502A2D341BB686A400B3A6B1 /* Chidori.xcdatamodel */,
			);
			currentVersion = 502A2D341BB686A400B3A6B1 /* Chidori.xcdatamodel */;
			name = Chidori.xcdatamodeld;
			path = CoreData/Chidori.xcdatamodeld;
			sourceTree = "<group>";
			versionGroupType = wrapper.xcdatamodel;
		};
/* End XCVersionGroup section */
	};
	rootObject = 505A55D31BB63CFD00159CD0 /* Project object */;
}
